
Microsoft Visual Studio Solution File, Format Version 12.00
# Visual Studio Version 17
VisualStudioVersion = 17.13.36105.23
MinimumVisualStudioVersion = 10.0.40219.1
Project("{2150E333-8FDC-42A3-9474-1A3956D46DE8}") = "src", "src", "{02EA681E-C7D8-13C7-8484-4AC65E1B71E8}"
EndProject
Project("{FAE04EC0-301F-11D3-BF4B-00C04F79EFBC}") = "RustRetail.EmailSenderWorker", "src\RustRetail.EmailSenderWorker\RustRetail.EmailSenderWorker.csproj", "{F926D3D9-418D-4316-B883-D150A330446C}"
EndProject
Global
	GlobalSection(SolutionConfigurationPlatforms) = preSolution
		Debug|Any CPU = Debug|Any CPU
		Release|Any CPU = Release|Any CPU
	EndGlobalSection
	GlobalSection(ProjectConfigurationPlatforms) = postSolution
		{F926D3D9-418D-4316-B883-D150A330446C}.Debug|Any CPU.ActiveCfg = Debug|Any CPU
		{F926D3D9-418D-4316-B883-D150A330446C}.Debug|Any CPU.Build.0 = Debug|Any CPU
		{F926D3D9-418D-4316-B883-D150A330446C}.Release|Any CPU.ActiveCfg = Release|Any CPU
		{F926D3D9-418D-4316-B883-D150A330446C}.Release|Any CPU.Build.0 = Release|Any CPU
	EndGlobalSection
	GlobalSection(SolutionProperties) = preSolution
		HideSolutionNode = FALSE
	EndGlobalSection
	GlobalSection(NestedProjects) = preSolution
		{F926D3D9-418D-4316-B883-D150A330446C} = {02EA681E-C7D8-13C7-8484-4AC65E1B71E8}
	EndGlobalSection
	GlobalSection(ExtensibilityGlobals) = postSolution
		SolutionGuid = {C9A6904A-2B54-4438-821A-D2928BB8612C}
	EndGlobalSection
EndGlobal
